
Microsoft Visual Studio Solution File, Format Version 12.00
# Visual Studio 14
VisualStudioVersion = 14.0.25420.1
MinimumVisualStudioVersion = 10.0.40219.1
Project("{8BB2217D-0F2D-49D1-97BC-3654ED321F3B}") = "RedisBase", "RedisBase\RedisBase.xproj", "{2E6C827B-947D-4DB4-A14E-876956E4A4D7}"
EndProject
Project("{8BB2217D-0F2D-49D1-97BC-3654ED321F3B}") = "Tests", "Tests\Tests.xproj", "{E9C62792-687F-442C-8D36-75DB598D4BBF}"
EndProject
Global
	GlobalSection(SolutionConfigurationPlatforms) = preSolution
		Debug|Any CPU = Debug|Any CPU
		Release|Any CPU = Release|Any CPU
	EndGlobalSection
	GlobalSection(ProjectConfigurationPlatforms) = postSolution
		{2E6C827B-947D-4DB4-A14E-876956E4A4D7}.Debug|Any CPU.ActiveCfg = Debug|Any CPU
		{2E6C827B-947D-4DB4-A14E-876956E4A4D7}.Debug|Any CPU.Build.0 = Debug|Any CPU
		{2E6C827B-947D-4DB4-A14E-876956E4A4D7}.Release|Any CPU.ActiveCfg = Release|Any CPU
		{2E6C827B-947D-4DB4-A14E-876956E4A4D7}.Release|Any CPU.Build.0 = Release|Any CPU
		{E9C62792-687F-442C-8D36-75DB598D4BBF}.Debug|Any CPU.ActiveCfg = Debug|Any CPU
		{E9C62792-687F-442C-8D36-75DB598D4BBF}.Debug|Any CPU.Build.0 = Debug|Any CPU
		{E9C62792-687F-442C-8D36-75DB598D4BBF}.Release|Any CPU.ActiveCfg = Release|Any CPU
		{E9C62792-687F-442C-8D36-75DB598D4BBF}.Release|Any CPU.Build.0 = Release|Any CPU
	EndGlobalSection
	GlobalSection(SolutionProperties) = preSolution
		HideSolutionNode = FALSE
	EndGlobalSection
EndGlobal
